
Microsoft Visual Studio Solution File, Format Version 12.00
# Visual Studio Version 16
VisualStudioVersion = 16.0.30002.166
MinimumVisualStudioVersion = 10.0.40219.1
Project("{9A19103F-16F7-4668-BE54-9A1E7A4F7556}") = "Translator", "Translator\Translator.csproj", "{0513C419-A2A3-495A-949C-272989675B69}"
EndProject
Project("{FAE04EC0-301F-11D3-BF4B-00C04F79EFBC}") = "TranslatorTest", "TranslatorTest\TranslatorTest.csproj", "{C1AF8035-EA20-45C8-ACFF-379A5CE421B1}"
EndProject
Global
	GlobalSection(SolutionConfigurationPlatforms) = preSolution
		Debug|Any CPU = Debug|Any CPU
		Release|Any CPU = Release|Any CPU
	EndGlobalSection
	GlobalSection(ProjectConfigurationPlatforms) = postSolution
		{0513C419-A2A3-495A-949C-272989675B69}.Debug|Any CPU.ActiveCfg = Debug|Any CPU
		{0513C419-A2A3-495A-949C-272989675B69}.Debug|Any CPU.Build.0 = Debug|Any CPU
		{0513C419-A2A3-495A-949C-272989675B69}.Release|Any CPU.ActiveCfg = Release|Any CPU
		{0513C419-A2A3-495A-949C-272989675B69}.Release|Any CPU.Build.0 = Release|Any CPU
		{C1AF8035-EA20-45C8-ACFF-379A5CE421B1}.Debug|Any CPU.ActiveCfg = Debug|Any CPU
		{C1AF8035-EA20-45C8-ACFF-379A5CE421B1}.Debug|Any CPU.Build.0 = Debug|Any CPU
		{C1AF8035-EA20-45C8-ACFF-379A5CE421B1}.Release|Any CPU.ActiveCfg = Release|Any CPU
		{C1AF8035-EA20-45C8-ACFF-379A5CE421B1}.Release|Any CPU.Build.0 = Release|Any CPU
	EndGlobalSection
	GlobalSection(SolutionProperties) = preSolution
		HideSolutionNode = FALSE
	EndGlobalSection
	GlobalSection(ExtensibilityGlobals) = postSolution
		SolutionGuid = {15C40BA4-7A76-43E4-BB67-0204DBB197BF}
	EndGlobalSection
EndGlobal
