
Microsoft Visual Studio Solution File, Format Version 12.00
# Visual Studio Version 16
VisualStudioVersion = 16.0.29728.190
MinimumVisualStudioVersion = 10.0.40219.1
Project("{FAE04EC0-301F-11D3-BF4B-00C04F79EFBC}") = "RemoveExtraBlanksTests", "RemoveExtraBlanksTests\RemoveExtraBlanksTests.csproj", "{5E43455A-D7C7-47C1-8B3C-4624EA3D4A98}"
EndProject
Project("{FAE04EC0-301F-11D3-BF4B-00C04F79EFBC}") = "RemoveExtraBlanks", "RemoveExtraBlanks\RemoveExtraBlanks.csproj", "{90D8DD15-6317-45A3-8132-CDE300C769D2}"
EndProject
Global
	GlobalSection(SolutionConfigurationPlatforms) = preSolution
		Debug|Any CPU = Debug|Any CPU
		Release|Any CPU = Release|Any CPU
	EndGlobalSection
	GlobalSection(ProjectConfigurationPlatforms) = postSolution
		{5E43455A-D7C7-47C1-8B3C-4624EA3D4A98}.Debug|Any CPU.ActiveCfg = Debug|Any CPU
		{5E43455A-D7C7-47C1-8B3C-4624EA3D4A98}.Debug|Any CPU.Build.0 = Debug|Any CPU
		{5E43455A-D7C7-47C1-8B3C-4624EA3D4A98}.Release|Any CPU.ActiveCfg = Release|Any CPU
		{5E43455A-D7C7-47C1-8B3C-4624EA3D4A98}.Release|Any CPU.Build.0 = Release|Any CPU
		{90D8DD15-6317-45A3-8132-CDE300C769D2}.Debug|Any CPU.ActiveCfg = Debug|Any CPU
		{90D8DD15-6317-45A3-8132-CDE300C769D2}.Debug|Any CPU.Build.0 = Debug|Any CPU
		{90D8DD15-6317-45A3-8132-CDE300C769D2}.Release|Any CPU.ActiveCfg = Release|Any CPU
		{90D8DD15-6317-45A3-8132-CDE300C769D2}.Release|Any CPU.Build.0 = Release|Any CPU
	EndGlobalSection
	GlobalSection(SolutionProperties) = preSolution
		HideSolutionNode = FALSE
	EndGlobalSection
	GlobalSection(ExtensibilityGlobals) = postSolution
		SolutionGuid = {A67E9B87-1EE5-477D-97D0-34240E2A8860}
	EndGlobalSection
EndGlobal
